{
  "requires": true,
  "lockfileVersion": 1,
  "dependencies": {
    "@primer/octicons": {
      "version": "9.3.1",
      "resolved": "https://registry.npmjs.org/@primer/octicons/-/octicons-9.3.1.tgz",
      "integrity": "sha512-E0Knv/hUfwpfJOVh7cPXXJf6gfNiIMBtMbhnqjkWHnpT/+bPJk4Q3l/YG6sCWELZ05KYpHBunpHNOlTyw3mbwg==",
      "requires": {
        "object-assign": "^4.1.1"
      }
    },
    "object-assign": {
      "version": "4.1.1",
      "resolved": "https://registry.npmjs.org/object-assign/-/object-assign-4.1.1.tgz",
      "integrity": "sha1-IQmtx5ZYh8/AXLvUQsrIv7s2CGM="
    },
    "octicons": {
      "version": "8.5.0",
      "resolved": "https://registry.npmjs.org/octicons/-/octicons-8.5.0.tgz",
      "integrity": "sha512-l4GCHwBvStuwVfIuqUx/ktFJQJdCqLnd0bi2dvYZzkza6wj9EUksfMUlTqyVMULbPIvRTXxOqn/W07fsMu1bXA==",
      "requires": {
        "object-assign": "^4.1.1"
      }
    }
  }
}
